{
  "name": "breeze-rustle",
  "version": "0.1.0",
  "lockfileVersion": 3,
  "requires": true,
  "packages": {
    "": {
      "name": "breeze-rustle",
      "version": "0.1.0",
      "hasInstallScript": true,
      "dependencies": {
        "@kumos/tree-sitter-parsers": "^0.1.2"
      }
    },
    "node_modules/@kumos/tree-sitter-parsers": {
      "version": "0.1.2",
      "resolved": "https://registry.npmjs.org/@kumos/tree-sitter-parsers/-/tree-sitter-parsers-0.1.2.tgz",
      "integrity": "sha512-E+W/wzfdlkapCjLSDtW9Hq7q3FztuTDWT4PIBpmZfVpIBU1o8cr9/+ELm8iRQrHh2uy/VBpYdUXNkY7PvGCMkg==",
      "hasInstallScript": true,
      "license": "MIT",
      "bin": {
        "tree-sitter-parsers-path": "bin/tree-sitter-parsers-path.js"
      },
      "engines": {
        "node": ">=20.0.0"
      },
      "optionalDependencies": {
        "@kumos/tree-sitter-parsers-darwin-arm64": "0.1.2",
        "@kumos/tree-sitter-parsers-darwin-x64": "0.1.2",
        "@kumos/tree-sitter-parsers-linux-arm64": "0.1.2",
        "@kumos/tree-sitter-parsers-linux-arm64-musl": "0.1.2",
        "@kumos/tree-sitter-parsers-linux-x64": "0.1.2",
        "@kumos/tree-sitter-parsers-linux-x64-musl": "0.1.2",
        "@kumos/tree-sitter-parsers-win32-arm64": "0.1.2",
        "@kumos/tree-sitter-parsers-win32-x64": "0.1.2"
      }
    },
    "node_modules/@kumos/tree-sitter-parsers-darwin-arm64": {
      "version": "0.1.2",
      "resolved": "https://registry.npmjs.org/@kumos/tree-sitter-parsers-darwin-arm64/-/tree-sitter-parsers-darwin-arm64-0.1.2.tgz",
      "integrity": "sha512-qe34hyEroie5qxohuSRiy2dvmhb+aHE1gUdXDLTe3oH1fXIOK3I3uRCMO3luztHlNcHUNO6nq91izv5EjRP/MQ==",
      "cpu": [
        "arm64"
      ],
      "license": "MIT",
      "optional": true,
      "os": [
        "darwin"
      ]
    },
    "node_modules/@kumos/tree-sitter-parsers-darwin-x64": {
      "version": "0.1.2",
      "resolved": "https://registry.npmjs.org/@kumos/tree-sitter-parsers-darwin-x64/-/tree-sitter-parsers-darwin-x64-0.1.2.tgz",
      "integrity": "sha512-cSU55qphkCZaz3RenXEqhu6xTm+E/ZCSImKu9vB5D0FRBli69dmO6MpWdi5a/idWUc+0xFenFPv/Upi2u5MUSQ==",
      "cpu": [
        "x64"
      ],
      "license": "MIT",
      "optional": true,
      "os": [
        "darwin"
      ]
    },
    "node_modules/@kumos/tree-sitter-parsers-linux-arm64": {
      "version": "0.1.2",
      "resolved": "https://registry.npmjs.org/@kumos/tree-sitter-parsers-linux-arm64/-/tree-sitter-parsers-linux-arm64-0.1.2.tgz",
      "integrity": "sha512-Y+7j/dz9EqytgCXvfImfMPhmoGtVo7v9qnlbH3nD59UCAG0ixp7vOmO5bFx84/o5se4gKA8lqfS5Mn5oVl+Pdg==",
      "cpu": [
        "arm64"
      ],
      "license": "MIT",
      "optional": true,
      "os": [
        "linux"
      ]
    },
    "node_modules/@kumos/tree-sitter-parsers-linux-arm64-musl": {
      "version": "0.1.2",
      "resolved": "https://registry.npmjs.org/@kumos/tree-sitter-parsers-linux-arm64-musl/-/tree-sitter-parsers-linux-arm64-musl-0.1.2.tgz",
      "integrity": "sha512-4bDVpbfxa5P0jQE6tqFF6KMS8d3uRfUuvjLNh3gu5K6N6sMl6Utw6tmM2/yVWRFessjF/XEcD3AcUp+gJ6qALw==",
      "cpu": [
        "arm64"
      ],
      "license": "MIT",
      "optional": true,
      "os": [
        "linux"
      ]
    },
    "node_modules/@kumos/tree-sitter-parsers-linux-x64": {
      "version": "0.1.2",
      "resolved": "https://registry.npmjs.org/@kumos/tree-sitter-parsers-linux-x64/-/tree-sitter-parsers-linux-x64-0.1.2.tgz",
      "integrity": "sha512-j6c2ACXRdnnFSVZgShTlp0vWp1TSIIYjiBoIRw15pzjWC0qRZu6SwWyVBHC8n/Y/SjkA3L9iWHtVML5H+FZifQ==",
      "cpu": [
        "x64"
      ],
      "license": "MIT",
      "optional": true,
      "os": [
        "linux"
      ]
    },
    "node_modules/@kumos/tree-sitter-parsers-linux-x64-musl": {
      "version": "0.1.2",
      "resolved": "https://registry.npmjs.org/@kumos/tree-sitter-parsers-linux-x64-musl/-/tree-sitter-parsers-linux-x64-musl-0.1.2.tgz",
      "integrity": "sha512-W24+HUrZEx8zR32vTB2cikxF17Qm8Ucd1XLzvK8WxioDDljQcvW5hmIB+6lpqoeV2mCjM3sg09A+ZHxbP/mTjQ==",
      "cpu": [
        "x64"
      ],
      "license": "MIT",
      "optional": true,
      "os": [
        "linux"
      ]
    },
    "node_modules/@kumos/tree-sitter-parsers-win32-arm64": {
      "version": "0.1.2",
      "resolved": "https://registry.npmjs.org/@kumos/tree-sitter-parsers-win32-arm64/-/tree-sitter-parsers-win32-arm64-0.1.2.tgz",
      "integrity": "sha512-1anasv3zMDYlrtz+17RmgqsT5NC543Ce++adZzWzZft/KTaPvAbj5CRppNaW7VzoG7Yai+svH/JgDrlHi0e/Mg==",
      "cpu": [
        "arm64"
      ],
      "license": "MIT",
      "optional": true,
      "os": [
        "win32"
      ]
    },
    "node_modules/@kumos/tree-sitter-parsers-win32-x64": {
      "version": "0.1.2",
      "resolved": "https://registry.npmjs.org/@kumos/tree-sitter-parsers-win32-x64/-/tree-sitter-parsers-win32-x64-0.1.2.tgz",
      "integrity": "sha512-Mv9PGdMJzF6JphpiEAs3nyExujjoEngfqZImtq9iNpGmKuUsyBVEc05fIjt3E4+AHWKCEHoU4CuTQZtoLVJQMQ==",
      "cpu": [
        "x64"
      ],
      "license": "MIT",
      "optional": true,
      "os": [
        "win32"
      ]
    }
  }
}
