{
  "name": "breeze-rustle",
  "version": "0.1.0",
  "lockfileVersion": 3,
  "requires": true,
  "packages": {
    "": {
      "name": "breeze-rustle",
      "version": "0.1.0",
      "hasInstallScript": true,
      "dependencies": {
        "@kumos/tree-sitter-parsers": "*"
      }
    },
    "node_modules/@kumos/tree-sitter-parsers": {
      "version": "0.1.1",
      "resolved": "https://registry.npmjs.org/@kumos/tree-sitter-parsers/-/tree-sitter-parsers-0.1.1.tgz",
      "integrity": "sha512-dg6OhROoYL4MC37ouEPl2wQTO/YTT/xmHALW74pT40SuvbPEsbeG1eAlUXQ9dmqPmvdpApyKj3OYuz7y9m0wow==",
      "hasInstallScript": true,
      "license": "MIT",
      "bin": {
        "tree-sitter-parsers-path": "bin/tree-sitter-parsers-path.js"
      },
      "engines": {
        "node": ">=20.0.0"
      },
      "optionalDependencies": {
        "@kumos/tree-sitter-parsers-darwin-arm64": "0.1.1",
        "@kumos/tree-sitter-parsers-darwin-x64": "0.1.1",
        "@kumos/tree-sitter-parsers-linux-arm64": "0.1.1",
        "@kumos/tree-sitter-parsers-linux-arm64-musl": "0.1.1",
        "@kumos/tree-sitter-parsers-linux-x64": "0.1.1",
        "@kumos/tree-sitter-parsers-linux-x64-musl": "0.1.1",
        "@kumos/tree-sitter-parsers-win32-arm64": "0.1.1",
        "@kumos/tree-sitter-parsers-win32-x64": "0.1.1"
      }
    },
    "node_modules/@kumos/tree-sitter-parsers-darwin-arm64": {
      "version": "0.1.1",
      "resolved": "https://registry.npmjs.org/@kumos/tree-sitter-parsers-darwin-arm64/-/tree-sitter-parsers-darwin-arm64-0.1.1.tgz",
      "integrity": "sha512-rU0Af2Gshd7ZVidXt0n0K3Qan8y6jvEP3md8e7DnG28Yqj4lpQSwIdYxEIHfMjr6f267yCaLfOisCDDC/R+TrQ==",
      "cpu": [
        "arm64"
      ],
      "license": "MIT",
      "optional": true,
      "os": [
        "darwin"
      ]
    },
    "node_modules/@kumos/tree-sitter-parsers-darwin-x64": {
      "version": "0.1.1",
      "resolved": "https://registry.npmjs.org/@kumos/tree-sitter-parsers-darwin-x64/-/tree-sitter-parsers-darwin-x64-0.1.1.tgz",
      "integrity": "sha512-WUTJ40SqitSQ0aOltKvzKnK1bViLoSeRHvHKuoiRi0GWOkbNbjtGuDQPWx9++o0nWp9RmxoU0M6wfDmSm541xQ==",
      "cpu": [
        "x64"
      ],
      "license": "MIT",
      "optional": true,
      "os": [
        "darwin"
      ]
    },
    "node_modules/@kumos/tree-sitter-parsers-linux-arm64": {
      "version": "0.1.1",
      "resolved": "https://registry.npmjs.org/@kumos/tree-sitter-parsers-linux-arm64/-/tree-sitter-parsers-linux-arm64-0.1.1.tgz",
      "integrity": "sha512-rBxD1NAqYMn7LS8xYB14kTtxzg/Iok6Gf/Y1UxTA5G3ux2HQ7jdVSlKN4fSk5+NZdCsiNsgk3JsXga3JWtXHpg==",
      "cpu": [
        "arm64"
      ],
      "license": "MIT",
      "optional": true,
      "os": [
        "linux"
      ]
    },
    "node_modules/@kumos/tree-sitter-parsers-linux-arm64-musl": {
      "version": "0.1.1",
      "resolved": "https://registry.npmjs.org/@kumos/tree-sitter-parsers-linux-arm64-musl/-/tree-sitter-parsers-linux-arm64-musl-0.1.1.tgz",
      "integrity": "sha512-PFqZaFBo3JTnJ7Fd718BdiWQcdgwsFJIe4K4qzRm/miavz8GKSN1XyV6kq1x/U+IiBhrMIQfzY9Prfn5uFrLNw==",
      "cpu": [
        "arm64"
      ],
      "license": "MIT",
      "optional": true,
      "os": [
        "linux"
      ]
    },
    "node_modules/@kumos/tree-sitter-parsers-linux-x64": {
      "version": "0.1.1",
      "resolved": "https://registry.npmjs.org/@kumos/tree-sitter-parsers-linux-x64/-/tree-sitter-parsers-linux-x64-0.1.1.tgz",
      "integrity": "sha512-PAY+tK/piYfbsKSYthWdlx1VYbELXDhk9DfN++abF0HXsLdOZNp2FiNsIrcU3BmdsRr/b2Uzo3EReud560yBnw==",
      "cpu": [
        "x64"
      ],
      "license": "MIT",
      "optional": true,
      "os": [
        "linux"
      ]
    },
    "node_modules/@kumos/tree-sitter-parsers-linux-x64-musl": {
      "version": "0.1.1",
      "resolved": "https://registry.npmjs.org/@kumos/tree-sitter-parsers-linux-x64-musl/-/tree-sitter-parsers-linux-x64-musl-0.1.1.tgz",
      "integrity": "sha512-pUCRf7pzM1XwTLQVcRWzluCWnaQSJ6zce08h+lMBXgf2DJaP+V3ZyFoafo14HP8uCdYxSn49Y4wRoh9Xp5tdZA==",
      "cpu": [
        "x64"
      ],
      "license": "MIT",
      "optional": true,
      "os": [
        "linux"
      ]
    },
    "node_modules/@kumos/tree-sitter-parsers-win32-arm64": {
      "version": "0.1.1",
      "resolved": "https://registry.npmjs.org/@kumos/tree-sitter-parsers-win32-arm64/-/tree-sitter-parsers-win32-arm64-0.1.1.tgz",
      "integrity": "sha512-qyIgU3Gf3OF0LSc0DbaftblX8mBVEiPeE3AdOxMz2NNq/yFkruzaJO21KyLFnL0Bi0gUV+BTXTl6zaU9YLD6sg==",
      "cpu": [
        "arm64"
      ],
      "license": "MIT",
      "optional": true,
      "os": [
        "win32"
      ]
    },
    "node_modules/@kumos/tree-sitter-parsers-win32-x64": {
      "version": "0.1.1",
      "resolved": "https://registry.npmjs.org/@kumos/tree-sitter-parsers-win32-x64/-/tree-sitter-parsers-win32-x64-0.1.1.tgz",
      "integrity": "sha512-NfB6i10rHoHSdn/4tgMRR2m9/7MztXLO1waEKKT8XZsqwDU1xGH/p1H58HkOjMVkg/34JOLIjTUzuAOgNtJ/0Q==",
      "cpu": [
        "x64"
      ],
      "license": "MIT",
      "optional": true,
      "os": [
        "win32"
      ]
    }
  }
}
