{
  "name": "breeze-rustle",
  "version": "0.1.0",
  "lockfileVersion": 3,
  "requires": true,
  "packages": {
    "": {
      "name": "breeze-rustle",
      "version": "0.1.0",
      "hasInstallScript": true,
      "dependencies": {
        "@kumos/tree-sitter-parsers": "^0.1.3"
      }
    },
    "node_modules/@kumos/tree-sitter-parsers": {
      "version": "0.1.3",
      "resolved": "https://registry.npmjs.org/@kumos/tree-sitter-parsers/-/tree-sitter-parsers-0.1.3.tgz",
      "integrity": "sha512-25AM2Rkfz8eUnyEJFVDGvVtmuAYRVNmbuH3KHSOZXyrqb+fu20Ur3jFNIBDaiuACK8n3hwxwQMLHUEsAbvWhuQ==",
      "hasInstallScript": true,
      "license": "MIT",
      "bin": {
        "tree-sitter-parsers-path": "bin/tree-sitter-parsers-path.js"
      },
      "engines": {
        "node": ">=20.0.0"
      },
      "optionalDependencies": {
        "@kumos/tree-sitter-parsers-darwin-arm64": "0.1.3",
        "@kumos/tree-sitter-parsers-darwin-x64": "0.1.3",
        "@kumos/tree-sitter-parsers-linux-arm64": "0.1.3",
        "@kumos/tree-sitter-parsers-linux-arm64-musl": "0.1.3",
        "@kumos/tree-sitter-parsers-linux-x64": "0.1.3",
        "@kumos/tree-sitter-parsers-linux-x64-musl": "0.1.3",
        "@kumos/tree-sitter-parsers-win32-arm64": "0.1.3",
        "@kumos/tree-sitter-parsers-win32-x64": "0.1.3"
      }
    },
    "node_modules/@kumos/tree-sitter-parsers-darwin-arm64": {
      "version": "0.1.3",
      "resolved": "https://registry.npmjs.org/@kumos/tree-sitter-parsers-darwin-arm64/-/tree-sitter-parsers-darwin-arm64-0.1.3.tgz",
      "integrity": "sha512-YF9NVP+LH6AnB48QnaSJW2O0mgZGAasPD6du1qm5oZRvk8k4I75vsNLEUCC7D+hV8uEpDRwA7CKYAvqj4KePLw==",
      "cpu": [
        "arm64"
      ],
      "license": "MIT",
      "optional": true,
      "os": [
        "darwin"
      ]
    },
    "node_modules/@kumos/tree-sitter-parsers-darwin-x64": {
      "version": "0.1.3",
      "resolved": "https://registry.npmjs.org/@kumos/tree-sitter-parsers-darwin-x64/-/tree-sitter-parsers-darwin-x64-0.1.3.tgz",
      "integrity": "sha512-cupxJYrq/vjOchE/RMOTr1Do2J9uhZW5JGtMD7UwqCsrIJy4PdcOS+j2GhBMAl7rYyIs6HiND+E4cvsMlMZkHA==",
      "cpu": [
        "x64"
      ],
      "license": "MIT",
      "optional": true,
      "os": [
        "darwin"
      ]
    },
    "node_modules/@kumos/tree-sitter-parsers-linux-arm64": {
      "version": "0.1.3",
      "resolved": "https://registry.npmjs.org/@kumos/tree-sitter-parsers-linux-arm64/-/tree-sitter-parsers-linux-arm64-0.1.3.tgz",
      "integrity": "sha512-FgrsedqzQxDawEnpMFlaO53Tuf+ZtyKuh058GnlTjm9N2dSFly/KaAZrOw/qtA7aeapo+HAJC93Tcc0G5l0+Yg==",
      "cpu": [
        "arm64"
      ],
      "license": "MIT",
      "optional": true,
      "os": [
        "linux"
      ]
    },
    "node_modules/@kumos/tree-sitter-parsers-linux-arm64-musl": {
      "version": "0.1.3",
      "resolved": "https://registry.npmjs.org/@kumos/tree-sitter-parsers-linux-arm64-musl/-/tree-sitter-parsers-linux-arm64-musl-0.1.3.tgz",
      "integrity": "sha512-/dLkQO/VYiWg7rCQ2V4HgCTWr1cq606bI61hBzKmW5VVY9bRGyG8GCCYmRzV3RxMpspLntHUUgr+M28PsnUVIA==",
      "cpu": [
        "arm64"
      ],
      "license": "MIT",
      "optional": true,
      "os": [
        "linux"
      ]
    },
    "node_modules/@kumos/tree-sitter-parsers-linux-x64": {
      "version": "0.1.3",
      "resolved": "https://registry.npmjs.org/@kumos/tree-sitter-parsers-linux-x64/-/tree-sitter-parsers-linux-x64-0.1.3.tgz",
      "integrity": "sha512-Eaic6XX2yjmhJpvRzjx3p7I28UyOd4iEJIO5auBOBTgpGwZmeiRjL4FD9oy7fepyF/rk/aE4hWgM0pPmFcdBQw==",
      "cpu": [
        "x64"
      ],
      "license": "MIT",
      "optional": true,
      "os": [
        "linux"
      ]
    },
    "node_modules/@kumos/tree-sitter-parsers-linux-x64-musl": {
      "version": "0.1.3",
      "resolved": "https://registry.npmjs.org/@kumos/tree-sitter-parsers-linux-x64-musl/-/tree-sitter-parsers-linux-x64-musl-0.1.3.tgz",
      "integrity": "sha512-/PbWGKG5kVwC2VtQgOomgOkn9Md6kJDx/mCyjREMOqRT8BrYMYie9yzOwNLAFzpM0iqq9GYgfdE8z4XUxmeePQ==",
      "cpu": [
        "x64"
      ],
      "license": "MIT",
      "optional": true,
      "os": [
        "linux"
      ]
    },
    "node_modules/@kumos/tree-sitter-parsers-win32-arm64": {
      "version": "0.1.3",
      "resolved": "https://registry.npmjs.org/@kumos/tree-sitter-parsers-win32-arm64/-/tree-sitter-parsers-win32-arm64-0.1.3.tgz",
      "integrity": "sha512-IS+f15N7odF2zQtnhAqYpovFB3zi5DYCAXMRvBYi9UxrLTkAiwYoxUmZIOkn7SQuZK9ExYMaRm+WjUrChNH9Lg==",
      "cpu": [
        "arm64"
      ],
      "license": "MIT",
      "optional": true,
      "os": [
        "win32"
      ]
    },
    "node_modules/@kumos/tree-sitter-parsers-win32-x64": {
      "version": "0.1.3",
      "resolved": "https://registry.npmjs.org/@kumos/tree-sitter-parsers-win32-x64/-/tree-sitter-parsers-win32-x64-0.1.3.tgz",
      "integrity": "sha512-URKbAfv6pqiJcfwZ++SabznrrUwv0m7mmvfLA1cFgLa4xcbrpwmborTiW8Tv5IfIf97IY1M0ntsFaa10ixqNLg==",
      "cpu": [
        "x64"
      ],
      "license": "MIT",
      "optional": true,
      "os": [
        "win32"
      ]
    }
  }
}
